
Microsoft Visual Studio Solution File, Format Version 12.00
# Visual Studio 15
VisualStudioVersion = 15.0.27703.2042
MinimumVisualStudioVersion = 10.0.40219.1
Project("{9A19103F-16F7-4668-BE54-9A1E7A4F7556}") = "MvxTemplate.Core", "MvxTemplate.Forms\MvxTemplate.Core\MvxTemplate.Core.csproj", "{ABA66A8B-46AB-44AB-8BF8-8735B4409129}"
EndProject
Project("{9A19103F-16F7-4668-BE54-9A1E7A4F7556}") = "MvxTemplate.Forms.UI", "MvxTemplate.Forms\TipCalc.Forms.UI\MvxTemplate.Forms.UI.csproj", "{73D14D45-4DCF-410C-99BC-3D9283B3AD29}"
EndProject
Project("{FAE04EC0-301F-11D3-BF4B-00C04F79EFBC}") = "MvxTemplate.Forms.Android", "MvxTemplate.Forms\MvxTemplate.Forms.Android\MvxTemplate.Forms.Android.csproj", "{04077706-62C4-4C26-816B-57C6A6DC011F}"
EndProject
Project("{FAE04EC0-301F-11D3-BF4B-00C04F79EFBC}") = "MvxTemplate.Forms.iOS", "MvxTemplate.Forms\MvxTemplate.Forms.iOS\MvxTemplate.Forms.iOS.csproj", "{E065A4B9-744D-4470-BB31-3BE6EAB61FD3}"
EndProject
Project("{FAE04EC0-301F-11D3-BF4B-00C04F79EFBC}") = "MvxTemplate.Forms.UWP", "MvxTemplate.Forms\MvxTemplate.Forms.UWP\MvxTemplate.Forms.UWP.csproj", "{628D9CA8-E2F1-4D28-BF16-552AB633D22D}"
EndProject
Project("{2150E333-8FDC-42A3-9474-1A3956D46DE8}") = "Solution Items", "Solution Items", "{E4804645-7E55-4E97-A309-3E46D1A3D81F}"
	ProjectSection(SolutionItems) = preProject
		ReleaseNotes.md = ReleaseNotes.md
	EndProjectSection
EndProject
Global
	GlobalSection(SolutionConfigurationPlatforms) = preSolution
		Ad-Hoc|Any CPU = Ad-Hoc|Any CPU
		Ad-Hoc|ARM = Ad-Hoc|ARM
		Ad-Hoc|iPhone = Ad-Hoc|iPhone
		Ad-Hoc|iPhoneSimulator = Ad-Hoc|iPhoneSimulator
		Ad-Hoc|x64 = Ad-Hoc|x64
		Ad-Hoc|x86 = Ad-Hoc|x86
		AppStore|Any CPU = AppStore|Any CPU
		AppStore|ARM = AppStore|ARM
		AppStore|iPhone = AppStore|iPhone
		AppStore|iPhoneSimulator = AppStore|iPhoneSimulator
		AppStore|x64 = AppStore|x64
		AppStore|x86 = AppStore|x86
		Debug|Any CPU = Debug|Any CPU
		Debug|ARM = Debug|ARM
		Debug|iPhone = Debug|iPhone
		Debug|iPhoneSimulator = Debug|iPhoneSimulator
		Debug|x64 = Debug|x64
		Debug|x86 = Debug|x86
		iOS Release|Any CPU = iOS Release|Any CPU
		iOS Release|ARM = iOS Release|ARM
		iOS Release|iPhone = iOS Release|iPhone
		iOS Release|iPhoneSimulator = iOS Release|iPhoneSimulator
		iOS Release|x64 = iOS Release|x64
		iOS Release|x86 = iOS Release|x86
		Release|Any CPU = Release|Any CPU
		Release|ARM = Release|ARM
		Release|iPhone = Release|iPhone
		Release|iPhoneSimulator = Release|iPhoneSimulator
		Release|x64 = Release|x64
		Release|x86 = Release|x86
	EndGlobalSection
	GlobalSection(ProjectConfigurationPlatforms) = postSolution
		{ABA66A8B-46AB-44AB-8BF8-8735B4409129}.Ad-Hoc|Any CPU.ActiveCfg = iOS Release|Any CPU
		{ABA66A8B-46AB-44AB-8BF8-8735B4409129}.Ad-Hoc|Any CPU.Build.0 = iOS Release|Any CPU
		{ABA66A8B-46AB-44AB-8BF8-8735B4409129}.Ad-Hoc|ARM.ActiveCfg = iOS Release|Any CPU
		{ABA66A8B-46AB-44AB-8BF8-8735B4409129}.Ad-Hoc|ARM.Build.0 = iOS Release|Any CPU
		{ABA66A8B-46AB-44AB-8BF8-8735B4409129}.Ad-Hoc|iPhone.ActiveCfg = iOS Release|Any CPU
		{ABA66A8B-46AB-44AB-8BF8-8735B4409129}.Ad-Hoc|iPhone.Build.0 = iOS Release|Any CPU
		{ABA66A8B-46AB-44AB-8BF8-8735B4409129}.Ad-Hoc|iPhoneSimulator.ActiveCfg = iOS Release|Any CPU
		{ABA66A8B-46AB-44AB-8BF8-8735B4409129}.Ad-Hoc|iPhoneSimulator.Build.0 = iOS Release|Any CPU
		{ABA66A8B-46AB-44AB-8BF8-8735B4409129}.Ad-Hoc|x64.ActiveCfg = iOS Release|Any CPU
		{ABA66A8B-46AB-44AB-8BF8-8735B4409129}.Ad-Hoc|x64.Build.0 = iOS Release|Any CPU
		{ABA66A8B-46AB-44AB-8BF8-8735B4409129}.Ad-Hoc|x86.ActiveCfg = iOS Release|Any CPU
		{ABA66A8B-46AB-44AB-8BF8-8735B4409129}.Ad-Hoc|x86.Build.0 = iOS Release|Any CPU
		{ABA66A8B-46AB-44AB-8BF8-8735B4409129}.AppStore|Any CPU.ActiveCfg = iOS Release|Any CPU
		{ABA66A8B-46AB-44AB-8BF8-8735B4409129}.AppStore|Any CPU.Build.0 = iOS Release|Any CPU
		{ABA66A8B-46AB-44AB-8BF8-8735B4409129}.AppStore|ARM.ActiveCfg = iOS Release|Any CPU
		{ABA66A8B-46AB-44AB-8BF8-8735B4409129}.AppStore|ARM.Build.0 = iOS Release|Any CPU
		{ABA66A8B-46AB-44AB-8BF8-8735B4409129}.AppStore|iPhone.ActiveCfg = iOS Release|Any CPU
		{ABA66A8B-46AB-44AB-8BF8-8735B4409129}.AppStore|iPhone.Build.0 = iOS Release|Any CPU
		{ABA66A8B-46AB-44AB-8BF8-8735B4409129}.AppStore|iPhoneSimulator.ActiveCfg = iOS Release|Any CPU
		{ABA66A8B-46AB-44AB-8BF8-8735B4409129}.AppStore|iPhoneSimulator.Build.0 = iOS Release|Any CPU
		{ABA66A8B-46AB-44AB-8BF8-8735B4409129}.AppStore|x64.ActiveCfg = iOS Release|Any CPU
		{ABA66A8B-46AB-44AB-8BF8-8735B4409129}.AppStore|x64.Build.0 = iOS Release|Any CPU
		{ABA66A8B-46AB-44AB-8BF8-8735B4409129}.AppStore|x86.ActiveCfg = iOS Release|Any CPU
		{ABA66A8B-46AB-44AB-8BF8-8735B4409129}.AppStore|x86.Build.0 = iOS Release|Any CPU
		{ABA66A8B-46AB-44AB-8BF8-8735B4409129}.Debug|Any CPU.ActiveCfg = Debug|Any CPU
		{ABA66A8B-46AB-44AB-8BF8-8735B4409129}.Debug|Any CPU.Build.0 = Debug|Any CPU
		{ABA66A8B-46AB-44AB-8BF8-8735B4409129}.Debug|ARM.ActiveCfg = Debug|Any CPU
		{ABA66A8B-46AB-44AB-8BF8-8735B4409129}.Debug|ARM.Build.0 = Debug|Any CPU
		{ABA66A8B-46AB-44AB-8BF8-8735B4409129}.Debug|iPhone.ActiveCfg = Debug|Any CPU
		{ABA66A8B-46AB-44AB-8BF8-8735B4409129}.Debug|iPhone.Build.0 = Debug|Any CPU
		{ABA66A8B-46AB-44AB-8BF8-8735B4409129}.Debug|iPhoneSimulator.ActiveCfg = Debug|Any CPU
		{ABA66A8B-46AB-44AB-8BF8-8735B4409129}.Debug|iPhoneSimulator.Build.0 = Debug|Any CPU
		{ABA66A8B-46AB-44AB-8BF8-8735B4409129}.Debug|x64.ActiveCfg = Debug|Any CPU
		{ABA66A8B-46AB-44AB-8BF8-8735B4409129}.Debug|x64.Build.0 = Debug|Any CPU
		{ABA66A8B-46AB-44AB-8BF8-8735B4409129}.Debug|x86.ActiveCfg = Debug|Any CPU
		{ABA66A8B-46AB-44AB-8BF8-8735B4409129}.Debug|x86.Build.0 = Debug|Any CPU
		{ABA66A8B-46AB-44AB-8BF8-8735B4409129}.iOS Release|Any CPU.ActiveCfg = iOS Release|Any CPU
		{ABA66A8B-46AB-44AB-8BF8-8735B4409129}.iOS Release|Any CPU.Build.0 = iOS Release|Any CPU
		{ABA66A8B-46AB-44AB-8BF8-8735B4409129}.iOS Release|ARM.ActiveCfg = iOS Release|Any CPU
		{ABA66A8B-46AB-44AB-8BF8-8735B4409129}.iOS Release|ARM.Build.0 = iOS Release|Any CPU
		{ABA66A8B-46AB-44AB-8BF8-8735B4409129}.iOS Release|iPhone.ActiveCfg = iOS Release|Any CPU
		{ABA66A8B-46AB-44AB-8BF8-8735B4409129}.iOS Release|iPhone.Build.0 = iOS Release|Any CPU
		{ABA66A8B-46AB-44AB-8BF8-8735B4409129}.iOS Release|iPhoneSimulator.ActiveCfg = iOS Release|Any CPU
		{ABA66A8B-46AB-44AB-8BF8-8735B4409129}.iOS Release|iPhoneSimulator.Build.0 = iOS Release|Any CPU
		{ABA66A8B-46AB-44AB-8BF8-8735B4409129}.iOS Release|x64.ActiveCfg = iOS Release|Any CPU
		{ABA66A8B-46AB-44AB-8BF8-8735B4409129}.iOS Release|x64.Build.0 = iOS Release|Any CPU
		{ABA66A8B-46AB-44AB-8BF8-8735B4409129}.iOS Release|x86.ActiveCfg = iOS Release|Any CPU
		{ABA66A8B-46AB-44AB-8BF8-8735B4409129}.iOS Release|x86.Build.0 = iOS Release|Any CPU
		{ABA66A8B-46AB-44AB-8BF8-8735B4409129}.Release|Any CPU.ActiveCfg = Release|Any CPU
		{ABA66A8B-46AB-44AB-8BF8-8735B4409129}.Release|Any CPU.Build.0 = Release|Any CPU
		{ABA66A8B-46AB-44AB-8BF8-8735B4409129}.Release|ARM.ActiveCfg = Release|Any CPU
		{ABA66A8B-46AB-44AB-8BF8-8735B4409129}.Release|ARM.Build.0 = Release|Any CPU
		{ABA66A8B-46AB-44AB-8BF8-8735B4409129}.Release|iPhone.ActiveCfg = Release|Any CPU
		{ABA66A8B-46AB-44AB-8BF8-8735B4409129}.Release|iPhone.Build.0 = Release|Any CPU
		{ABA66A8B-46AB-44AB-8BF8-8735B4409129}.Release|iPhoneSimulator.ActiveCfg = Release|Any CPU
		{ABA66A8B-46AB-44AB-8BF8-8735B4409129}.Release|iPhoneSimulator.Build.0 = Release|Any CPU
		{ABA66A8B-46AB-44AB-8BF8-8735B4409129}.Release|x64.ActiveCfg = Release|Any CPU
		{ABA66A8B-46AB-44AB-8BF8-8735B4409129}.Release|x64.Build.0 = Release|Any CPU
		{ABA66A8B-46AB-44AB-8BF8-8735B4409129}.Release|x86.ActiveCfg = Release|Any CPU
		{ABA66A8B-46AB-44AB-8BF8-8735B4409129}.Release|x86.Build.0 = Release|Any CPU
		{73D14D45-4DCF-410C-99BC-3D9283B3AD29}.Ad-Hoc|Any CPU.ActiveCfg = iOS Release|Any CPU
		{73D14D45-4DCF-410C-99BC-3D9283B3AD29}.Ad-Hoc|Any CPU.Build.0 = iOS Release|Any CPU
		{73D14D45-4DCF-410C-99BC-3D9283B3AD29}.Ad-Hoc|ARM.ActiveCfg = iOS Release|Any CPU
		{73D14D45-4DCF-410C-99BC-3D9283B3AD29}.Ad-Hoc|ARM.Build.0 = iOS Release|Any CPU
		{73D14D45-4DCF-410C-99BC-3D9283B3AD29}.Ad-Hoc|iPhone.ActiveCfg = iOS Release|Any CPU
		{73D14D45-4DCF-410C-99BC-3D9283B3AD29}.Ad-Hoc|iPhone.Build.0 = iOS Release|Any CPU
		{73D14D45-4DCF-410C-99BC-3D9283B3AD29}.Ad-Hoc|iPhoneSimulator.ActiveCfg = iOS Release|Any CPU
		{73D14D45-4DCF-410C-99BC-3D9283B3AD29}.Ad-Hoc|iPhoneSimulator.Build.0 = iOS Release|Any CPU
		{73D14D45-4DCF-410C-99BC-3D9283B3AD29}.Ad-Hoc|x64.ActiveCfg = iOS Release|Any CPU
		{73D14D45-4DCF-410C-99BC-3D9283B3AD29}.Ad-Hoc|x64.Build.0 = iOS Release|Any CPU
		{73D14D45-4DCF-410C-99BC-3D9283B3AD29}.Ad-Hoc|x86.ActiveCfg = iOS Release|Any CPU
		{73D14D45-4DCF-410C-99BC-3D9283B3AD29}.Ad-Hoc|x86.Build.0 = iOS Release|Any CPU
		{73D14D45-4DCF-410C-99BC-3D9283B3AD29}.AppStore|Any CPU.ActiveCfg = iOS Release|Any CPU
		{73D14D45-4DCF-410C-99BC-3D9283B3AD29}.AppStore|Any CPU.Build.0 = iOS Release|Any CPU
		{73D14D45-4DCF-410C-99BC-3D9283B3AD29}.AppStore|ARM.ActiveCfg = iOS Release|Any CPU
		{73D14D45-4DCF-410C-99BC-3D9283B3AD29}.AppStore|ARM.Build.0 = iOS Release|Any CPU
		{73D14D45-4DCF-410C-99BC-3D9283B3AD29}.AppStore|iPhone.ActiveCfg = iOS Release|Any CPU
		{73D14D45-4DCF-410C-99BC-3D9283B3AD29}.AppStore|iPhone.Build.0 = iOS Release|Any CPU
		{73D14D45-4DCF-410C-99BC-3D9283B3AD29}.AppStore|iPhoneSimulator.ActiveCfg = iOS Release|Any CPU
		{73D14D45-4DCF-410C-99BC-3D9283B3AD29}.AppStore|iPhoneSimulator.Build.0 = iOS Release|Any CPU
		{73D14D45-4DCF-410C-99BC-3D9283B3AD29}.AppStore|x64.ActiveCfg = iOS Release|Any CPU
		{73D14D45-4DCF-410C-99BC-3D9283B3AD29}.AppStore|x64.Build.0 = iOS Release|Any CPU
		{73D14D45-4DCF-410C-99BC-3D9283B3AD29}.AppStore|x86.ActiveCfg = iOS Release|Any CPU
		{73D14D45-4DCF-410C-99BC-3D9283B3AD29}.AppStore|x86.Build.0 = iOS Release|Any CPU
		{73D14D45-4DCF-410C-99BC-3D9283B3AD29}.Debug|Any CPU.ActiveCfg = Debug|Any CPU
		{73D14D45-4DCF-410C-99BC-3D9283B3AD29}.Debug|Any CPU.Build.0 = Debug|Any CPU
		{73D14D45-4DCF-410C-99BC-3D9283B3AD29}.Debug|ARM.ActiveCfg = Debug|Any CPU
		{73D14D45-4DCF-410C-99BC-3D9283B3AD29}.Debug|ARM.Build.0 = Debug|Any CPU
		{73D14D45-4DCF-410C-99BC-3D9283B3AD29}.Debug|iPhone.ActiveCfg = Debug|Any CPU
		{73D14D45-4DCF-410C-99BC-3D9283B3AD29}.Debug|iPhone.Build.0 = Debug|Any CPU
		{73D14D45-4DCF-410C-99BC-3D9283B3AD29}.Debug|iPhoneSimulator.ActiveCfg = Debug|Any CPU
		{73D14D45-4DCF-410C-99BC-3D9283B3AD29}.Debug|iPhoneSimulator.Build.0 = Debug|Any CPU
		{73D14D45-4DCF-410C-99BC-3D9283B3AD29}.Debug|x64.ActiveCfg = Debug|Any CPU
		{73D14D45-4DCF-410C-99BC-3D9283B3AD29}.Debug|x64.Build.0 = Debug|Any CPU
		{73D14D45-4DCF-410C-99BC-3D9283B3AD29}.Debug|x86.ActiveCfg = Debug|Any CPU
		{73D14D45-4DCF-410C-99BC-3D9283B3AD29}.Debug|x86.Build.0 = Debug|Any CPU
		{73D14D45-4DCF-410C-99BC-3D9283B3AD29}.iOS Release|Any CPU.ActiveCfg = iOS Release|Any CPU
		{73D14D45-4DCF-410C-99BC-3D9283B3AD29}.iOS Release|Any CPU.Build.0 = iOS Release|Any CPU
		{73D14D45-4DCF-410C-99BC-3D9283B3AD29}.iOS Release|ARM.ActiveCfg = iOS Release|Any CPU
		{73D14D45-4DCF-410C-99BC-3D9283B3AD29}.iOS Release|ARM.Build.0 = iOS Release|Any CPU
		{73D14D45-4DCF-410C-99BC-3D9283B3AD29}.iOS Release|iPhone.ActiveCfg = iOS Release|Any CPU
		{73D14D45-4DCF-410C-99BC-3D9283B3AD29}.iOS Release|iPhone.Build.0 = iOS Release|Any CPU
		{73D14D45-4DCF-410C-99BC-3D9283B3AD29}.iOS Release|iPhoneSimulator.ActiveCfg = iOS Release|Any CPU
		{73D14D45-4DCF-410C-99BC-3D9283B3AD29}.iOS Release|iPhoneSimulator.Build.0 = iOS Release|Any CPU
		{73D14D45-4DCF-410C-99BC-3D9283B3AD29}.iOS Release|x64.ActiveCfg = iOS Release|Any CPU
		{73D14D45-4DCF-410C-99BC-3D9283B3AD29}.iOS Release|x64.Build.0 = iOS Release|Any CPU
		{73D14D45-4DCF-410C-99BC-3D9283B3AD29}.iOS Release|x86.ActiveCfg = iOS Release|Any CPU
		{73D14D45-4DCF-410C-99BC-3D9283B3AD29}.iOS Release|x86.Build.0 = iOS Release|Any CPU
		{73D14D45-4DCF-410C-99BC-3D9283B3AD29}.Release|Any CPU.ActiveCfg = Release|Any CPU
		{73D14D45-4DCF-410C-99BC-3D9283B3AD29}.Release|Any CPU.Build.0 = Release|Any CPU
		{73D14D45-4DCF-410C-99BC-3D9283B3AD29}.Release|ARM.ActiveCfg = Release|Any CPU
		{73D14D45-4DCF-410C-99BC-3D9283B3AD29}.Release|ARM.Build.0 = Release|Any CPU
		{73D14D45-4DCF-410C-99BC-3D9283B3AD29}.Release|iPhone.ActiveCfg = Release|Any CPU
		{73D14D45-4DCF-410C-99BC-3D9283B3AD29}.Release|iPhone.Build.0 = Release|Any CPU
		{73D14D45-4DCF-410C-99BC-3D9283B3AD29}.Release|iPhoneSimulator.ActiveCfg = Release|Any CPU
		{73D14D45-4DCF-410C-99BC-3D9283B3AD29}.Release|iPhoneSimulator.Build.0 = Release|Any CPU
		{73D14D45-4DCF-410C-99BC-3D9283B3AD29}.Release|x64.ActiveCfg = Release|Any CPU
		{73D14D45-4DCF-410C-99BC-3D9283B3AD29}.Release|x64.Build.0 = Release|Any CPU
		{73D14D45-4DCF-410C-99BC-3D9283B3AD29}.Release|x86.ActiveCfg = Release|Any CPU
		{73D14D45-4DCF-410C-99BC-3D9283B3AD29}.Release|x86.Build.0 = Release|Any CPU
		{04077706-62C4-4C26-816B-57C6A6DC011F}.Ad-Hoc|Any CPU.ActiveCfg = iOS Release|Any CPU
		{04077706-62C4-4C26-816B-57C6A6DC011F}.Ad-Hoc|Any CPU.Build.0 = iOS Release|Any CPU
		{04077706-62C4-4C26-816B-57C6A6DC011F}.Ad-Hoc|Any CPU.Deploy.0 = iOS Release|Any CPU
		{04077706-62C4-4C26-816B-57C6A6DC011F}.Ad-Hoc|ARM.ActiveCfg = iOS Release|Any CPU
		{04077706-62C4-4C26-816B-57C6A6DC011F}.Ad-Hoc|ARM.Build.0 = iOS Release|Any CPU
		{04077706-62C4-4C26-816B-57C6A6DC011F}.Ad-Hoc|ARM.Deploy.0 = iOS Release|Any CPU
		{04077706-62C4-4C26-816B-57C6A6DC011F}.Ad-Hoc|iPhone.ActiveCfg = iOS Release|Any CPU
		{04077706-62C4-4C26-816B-57C6A6DC011F}.Ad-Hoc|iPhone.Build.0 = iOS Release|Any CPU
		{04077706-62C4-4C26-816B-57C6A6DC011F}.Ad-Hoc|iPhone.Deploy.0 = iOS Release|Any CPU
		{04077706-62C4-4C26-816B-57C6A6DC011F}.Ad-Hoc|iPhoneSimulator.ActiveCfg = iOS Release|Any CPU
		{04077706-62C4-4C26-816B-57C6A6DC011F}.Ad-Hoc|iPhoneSimulator.Build.0 = iOS Release|Any CPU
		{04077706-62C4-4C26-816B-57C6A6DC011F}.Ad-Hoc|iPhoneSimulator.Deploy.0 = iOS Release|Any CPU
		{04077706-62C4-4C26-816B-57C6A6DC011F}.Ad-Hoc|x64.ActiveCfg = iOS Release|Any CPU
		{04077706-62C4-4C26-816B-57C6A6DC011F}.Ad-Hoc|x64.Build.0 = iOS Release|Any CPU
		{04077706-62C4-4C26-816B-57C6A6DC011F}.Ad-Hoc|x64.Deploy.0 = iOS Release|Any CPU
		{04077706-62C4-4C26-816B-57C6A6DC011F}.Ad-Hoc|x86.ActiveCfg = iOS Release|Any CPU
		{04077706-62C4-4C26-816B-57C6A6DC011F}.Ad-Hoc|x86.Build.0 = iOS Release|Any CPU
		{04077706-62C4-4C26-816B-57C6A6DC011F}.Ad-Hoc|x86.Deploy.0 = iOS Release|Any CPU
		{04077706-62C4-4C26-816B-57C6A6DC011F}.AppStore|Any CPU.ActiveCfg = iOS Release|Any CPU
		{04077706-62C4-4C26-816B-57C6A6DC011F}.AppStore|Any CPU.Build.0 = iOS Release|Any CPU
		{04077706-62C4-4C26-816B-57C6A6DC011F}.AppStore|Any CPU.Deploy.0 = iOS Release|Any CPU
		{04077706-62C4-4C26-816B-57C6A6DC011F}.AppStore|ARM.ActiveCfg = iOS Release|Any CPU
		{04077706-62C4-4C26-816B-57C6A6DC011F}.AppStore|ARM.Build.0 = iOS Release|Any CPU
		{04077706-62C4-4C26-816B-57C6A6DC011F}.AppStore|ARM.Deploy.0 = iOS Release|Any CPU
		{04077706-62C4-4C26-816B-57C6A6DC011F}.AppStore|iPhone.ActiveCfg = iOS Release|Any CPU
		{04077706-62C4-4C26-816B-57C6A6DC011F}.AppStore|iPhone.Build.0 = iOS Release|Any CPU
		{04077706-62C4-4C26-816B-57C6A6DC011F}.AppStore|iPhone.Deploy.0 = iOS Release|Any CPU
		{04077706-62C4-4C26-816B-57C6A6DC011F}.AppStore|iPhoneSimulator.ActiveCfg = iOS Release|Any CPU
		{04077706-62C4-4C26-816B-57C6A6DC011F}.AppStore|iPhoneSimulator.Build.0 = iOS Release|Any CPU
		{04077706-62C4-4C26-816B-57C6A6DC011F}.AppStore|iPhoneSimulator.Deploy.0 = iOS Release|Any CPU
		{04077706-62C4-4C26-816B-57C6A6DC011F}.AppStore|x64.ActiveCfg = iOS Release|Any CPU
		{04077706-62C4-4C26-816B-57C6A6DC011F}.AppStore|x64.Build.0 = iOS Release|Any CPU
		{04077706-62C4-4C26-816B-57C6A6DC011F}.AppStore|x64.Deploy.0 = iOS Release|Any CPU
		{04077706-62C4-4C26-816B-57C6A6DC011F}.AppStore|x86.ActiveCfg = iOS Release|Any CPU
		{04077706-62C4-4C26-816B-57C6A6DC011F}.AppStore|x86.Build.0 = iOS Release|Any CPU
		{04077706-62C4-4C26-816B-57C6A6DC011F}.AppStore|x86.Deploy.0 = iOS Release|Any CPU
		{04077706-62C4-4C26-816B-57C6A6DC011F}.Debug|Any CPU.ActiveCfg = Debug|Any CPU
		{04077706-62C4-4C26-816B-57C6A6DC011F}.Debug|Any CPU.Build.0 = Debug|Any CPU
		{04077706-62C4-4C26-816B-57C6A6DC011F}.Debug|Any CPU.Deploy.0 = Debug|Any CPU
		{04077706-62C4-4C26-816B-57C6A6DC011F}.Debug|ARM.ActiveCfg = Debug|Any CPU
		{04077706-62C4-4C26-816B-57C6A6DC011F}.Debug|ARM.Build.0 = Debug|Any CPU
		{04077706-62C4-4C26-816B-57C6A6DC011F}.Debug|ARM.Deploy.0 = Debug|Any CPU
		{04077706-62C4-4C26-816B-57C6A6DC011F}.Debug|iPhone.ActiveCfg = Debug|Any CPU
		{04077706-62C4-4C26-816B-57C6A6DC011F}.Debug|iPhone.Build.0 = Debug|Any CPU
		{04077706-62C4-4C26-816B-57C6A6DC011F}.Debug|iPhone.Deploy.0 = Debug|Any CPU
		{04077706-62C4-4C26-816B-57C6A6DC011F}.Debug|iPhoneSimulator.ActiveCfg = Debug|Any CPU
		{04077706-62C4-4C26-816B-57C6A6DC011F}.Debug|iPhoneSimulator.Build.0 = Debug|Any CPU
		{04077706-62C4-4C26-816B-57C6A6DC011F}.Debug|iPhoneSimulator.Deploy.0 = Debug|Any CPU
		{04077706-62C4-4C26-816B-57C6A6DC011F}.Debug|x64.ActiveCfg = Debug|Any CPU
		{04077706-62C4-4C26-816B-57C6A6DC011F}.Debug|x64.Build.0 = Debug|Any CPU
		{04077706-62C4-4C26-816B-57C6A6DC011F}.Debug|x64.Deploy.0 = Debug|Any CPU
		{04077706-62C4-4C26-816B-57C6A6DC011F}.Debug|x86.ActiveCfg = Debug|Any CPU
		{04077706-62C4-4C26-816B-57C6A6DC011F}.Debug|x86.Build.0 = Debug|Any CPU
		{04077706-62C4-4C26-816B-57C6A6DC011F}.Debug|x86.Deploy.0 = Debug|Any CPU
		{04077706-62C4-4C26-816B-57C6A6DC011F}.iOS Release|Any CPU.ActiveCfg = iOS Release|Any CPU
		{04077706-62C4-4C26-816B-57C6A6DC011F}.iOS Release|Any CPU.Build.0 = iOS Release|Any CPU
		{04077706-62C4-4C26-816B-57C6A6DC011F}.iOS Release|Any CPU.Deploy.0 = iOS Release|Any CPU
		{04077706-62C4-4C26-816B-57C6A6DC011F}.iOS Release|ARM.ActiveCfg = iOS Release|Any CPU
		{04077706-62C4-4C26-816B-57C6A6DC011F}.iOS Release|ARM.Build.0 = iOS Release|Any CPU
		{04077706-62C4-4C26-816B-57C6A6DC011F}.iOS Release|ARM.Deploy.0 = iOS Release|Any CPU
		{04077706-62C4-4C26-816B-57C6A6DC011F}.iOS Release|iPhone.ActiveCfg = iOS Release|Any CPU
		{04077706-62C4-4C26-816B-57C6A6DC011F}.iOS Release|iPhone.Build.0 = iOS Release|Any CPU
		{04077706-62C4-4C26-816B-57C6A6DC011F}.iOS Release|iPhone.Deploy.0 = iOS Release|Any CPU
		{04077706-62C4-4C26-816B-57C6A6DC011F}.iOS Release|iPhoneSimulator.ActiveCfg = iOS Release|Any CPU
		{04077706-62C4-4C26-816B-57C6A6DC011F}.iOS Release|iPhoneSimulator.Build.0 = iOS Release|Any CPU
		{04077706-62C4-4C26-816B-57C6A6DC011F}.iOS Release|iPhoneSimulator.Deploy.0 = iOS Release|Any CPU
		{04077706-62C4-4C26-816B-57C6A6DC011F}.iOS Release|x64.ActiveCfg = iOS Release|Any CPU
		{04077706-62C4-4C26-816B-57C6A6DC011F}.iOS Release|x64.Build.0 = iOS Release|Any CPU
		{04077706-62C4-4C26-816B-57C6A6DC011F}.iOS Release|x64.Deploy.0 = iOS Release|Any CPU
		{04077706-62C4-4C26-816B-57C6A6DC011F}.iOS Release|x86.ActiveCfg = iOS Release|Any CPU
		{04077706-62C4-4C26-816B-57C6A6DC011F}.iOS Release|x86.Build.0 = iOS Release|Any CPU
		{04077706-62C4-4C26-816B-57C6A6DC011F}.iOS Release|x86.Deploy.0 = iOS Release|Any CPU
		{04077706-62C4-4C26-816B-57C6A6DC011F}.Release|Any CPU.ActiveCfg = Release|Any CPU
		{04077706-62C4-4C26-816B-57C6A6DC011F}.Release|Any CPU.Build.0 = Release|Any CPU
		{04077706-62C4-4C26-816B-57C6A6DC011F}.Release|Any CPU.Deploy.0 = Release|Any CPU
		{04077706-62C4-4C26-816B-57C6A6DC011F}.Release|ARM.ActiveCfg = Release|Any CPU
		{04077706-62C4-4C26-816B-57C6A6DC011F}.Release|ARM.Build.0 = Release|Any CPU
		{04077706-62C4-4C26-816B-57C6A6DC011F}.Release|ARM.Deploy.0 = Release|Any CPU
		{04077706-62C4-4C26-816B-57C6A6DC011F}.Release|iPhone.ActiveCfg = Release|Any CPU
		{04077706-62C4-4C26-816B-57C6A6DC011F}.Release|iPhone.Build.0 = Release|Any CPU
		{04077706-62C4-4C26-816B-57C6A6DC011F}.Release|iPhone.Deploy.0 = Release|Any CPU
		{04077706-62C4-4C26-816B-57C6A6DC011F}.Release|iPhoneSimulator.ActiveCfg = Release|Any CPU
		{04077706-62C4-4C26-816B-57C6A6DC011F}.Release|iPhoneSimulator.Build.0 = Release|Any CPU
		{04077706-62C4-4C26-816B-57C6A6DC011F}.Release|iPhoneSimulator.Deploy.0 = Release|Any CPU
		{04077706-62C4-4C26-816B-57C6A6DC011F}.Release|x64.ActiveCfg = Release|Any CPU
		{04077706-62C4-4C26-816B-57C6A6DC011F}.Release|x64.Build.0 = Release|Any CPU
		{04077706-62C4-4C26-816B-57C6A6DC011F}.Release|x64.Deploy.0 = Release|Any CPU
		{04077706-62C4-4C26-816B-57C6A6DC011F}.Release|x86.ActiveCfg = Release|Any CPU
		{04077706-62C4-4C26-816B-57C6A6DC011F}.Release|x86.Build.0 = Release|Any CPU
		{04077706-62C4-4C26-816B-57C6A6DC011F}.Release|x86.Deploy.0 = Release|Any CPU
		{E065A4B9-744D-4470-BB31-3BE6EAB61FD3}.Ad-Hoc|Any CPU.ActiveCfg = Ad-Hoc|iPhone
		{E065A4B9-744D-4470-BB31-3BE6EAB61FD3}.Ad-Hoc|ARM.ActiveCfg = Ad-Hoc|iPhone
		{E065A4B9-744D-4470-BB31-3BE6EAB61FD3}.Ad-Hoc|iPhone.ActiveCfg = Ad-Hoc|iPhone
		{E065A4B9-744D-4470-BB31-3BE6EAB61FD3}.Ad-Hoc|iPhone.Build.0 = Ad-Hoc|iPhone
		{E065A4B9-744D-4470-BB31-3BE6EAB61FD3}.Ad-Hoc|iPhoneSimulator.ActiveCfg = Ad-Hoc|iPhoneSimulator
		{E065A4B9-744D-4470-BB31-3BE6EAB61FD3}.Ad-Hoc|iPhoneSimulator.Build.0 = Ad-Hoc|iPhoneSimulator
		{E065A4B9-744D-4470-BB31-3BE6EAB61FD3}.Ad-Hoc|x64.ActiveCfg = Ad-Hoc|iPhone
		{E065A4B9-744D-4470-BB31-3BE6EAB61FD3}.Ad-Hoc|x86.ActiveCfg = Ad-Hoc|iPhone
		{E065A4B9-744D-4470-BB31-3BE6EAB61FD3}.AppStore|Any CPU.ActiveCfg = AppStore|iPhone
		{E065A4B9-744D-4470-BB31-3BE6EAB61FD3}.AppStore|ARM.ActiveCfg = AppStore|iPhone
		{E065A4B9-744D-4470-BB31-3BE6EAB61FD3}.AppStore|iPhone.ActiveCfg = AppStore|iPhone
		{E065A4B9-744D-4470-BB31-3BE6EAB61FD3}.AppStore|iPhone.Build.0 = AppStore|iPhone
		{E065A4B9-744D-4470-BB31-3BE6EAB61FD3}.AppStore|iPhoneSimulator.ActiveCfg = AppStore|iPhoneSimulator
		{E065A4B9-744D-4470-BB31-3BE6EAB61FD3}.AppStore|iPhoneSimulator.Build.0 = AppStore|iPhoneSimulator
		{E065A4B9-744D-4470-BB31-3BE6EAB61FD3}.AppStore|x64.ActiveCfg = AppStore|iPhone
		{E065A4B9-744D-4470-BB31-3BE6EAB61FD3}.AppStore|x86.ActiveCfg = AppStore|iPhone
		{E065A4B9-744D-4470-BB31-3BE6EAB61FD3}.Debug|Any CPU.ActiveCfg = Debug|iPhone
		{E065A4B9-744D-4470-BB31-3BE6EAB61FD3}.Debug|ARM.ActiveCfg = Debug|iPhone
		{E065A4B9-744D-4470-BB31-3BE6EAB61FD3}.Debug|iPhone.ActiveCfg = Debug|iPhone
		{E065A4B9-744D-4470-BB31-3BE6EAB61FD3}.Debug|iPhone.Build.0 = Debug|iPhone
		{E065A4B9-744D-4470-BB31-3BE6EAB61FD3}.Debug|iPhoneSimulator.ActiveCfg = Debug|iPhoneSimulator
		{E065A4B9-744D-4470-BB31-3BE6EAB61FD3}.Debug|iPhoneSimulator.Build.0 = Debug|iPhoneSimulator
		{E065A4B9-744D-4470-BB31-3BE6EAB61FD3}.Debug|x64.ActiveCfg = Debug|iPhone
		{E065A4B9-744D-4470-BB31-3BE6EAB61FD3}.Debug|x86.ActiveCfg = Debug|iPhone
		{E065A4B9-744D-4470-BB31-3BE6EAB61FD3}.iOS Release|Any CPU.ActiveCfg = iOS Release|iPhone
		{E065A4B9-744D-4470-BB31-3BE6EAB61FD3}.iOS Release|ARM.ActiveCfg = iOS Release|iPhone
		{E065A4B9-744D-4470-BB31-3BE6EAB61FD3}.iOS Release|iPhone.ActiveCfg = iOS Release|iPhone
		{E065A4B9-744D-4470-BB31-3BE6EAB61FD3}.iOS Release|iPhone.Build.0 = iOS Release|iPhone
		{E065A4B9-744D-4470-BB31-3BE6EAB61FD3}.iOS Release|iPhoneSimulator.ActiveCfg = iOS Release|iPhoneSimulator
		{E065A4B9-744D-4470-BB31-3BE6EAB61FD3}.iOS Release|iPhoneSimulator.Build.0 = iOS Release|iPhoneSimulator
		{E065A4B9-744D-4470-BB31-3BE6EAB61FD3}.iOS Release|x64.ActiveCfg = iOS Release|iPhone
		{E065A4B9-744D-4470-BB31-3BE6EAB61FD3}.iOS Release|x86.ActiveCfg = iOS Release|iPhone
		{E065A4B9-744D-4470-BB31-3BE6EAB61FD3}.Release|Any CPU.ActiveCfg = Release|iPhone
		{E065A4B9-744D-4470-BB31-3BE6EAB61FD3}.Release|ARM.ActiveCfg = Release|iPhone
		{E065A4B9-744D-4470-BB31-3BE6EAB61FD3}.Release|iPhone.ActiveCfg = Release|iPhone
		{E065A4B9-744D-4470-BB31-3BE6EAB61FD3}.Release|iPhone.Build.0 = Release|iPhone
		{E065A4B9-744D-4470-BB31-3BE6EAB61FD3}.Release|iPhoneSimulator.ActiveCfg = Release|iPhoneSimulator
		{E065A4B9-744D-4470-BB31-3BE6EAB61FD3}.Release|iPhoneSimulator.Build.0 = Release|iPhoneSimulator
		{E065A4B9-744D-4470-BB31-3BE6EAB61FD3}.Release|x64.ActiveCfg = Release|iPhone
		{E065A4B9-744D-4470-BB31-3BE6EAB61FD3}.Release|x86.ActiveCfg = Release|iPhone
		{628D9CA8-E2F1-4D28-BF16-552AB633D22D}.Ad-Hoc|Any CPU.ActiveCfg = iOS Release|Win32
		{628D9CA8-E2F1-4D28-BF16-552AB633D22D}.Ad-Hoc|Any CPU.Build.0 = iOS Release|Win32
		{628D9CA8-E2F1-4D28-BF16-552AB633D22D}.Ad-Hoc|Any CPU.Deploy.0 = iOS Release|Win32
		{628D9CA8-E2F1-4D28-BF16-552AB633D22D}.Ad-Hoc|ARM.ActiveCfg = iOS Release|ARM
		{628D9CA8-E2F1-4D28-BF16-552AB633D22D}.Ad-Hoc|ARM.Build.0 = iOS Release|ARM
		{628D9CA8-E2F1-4D28-BF16-552AB633D22D}.Ad-Hoc|ARM.Deploy.0 = iOS Release|ARM
		{628D9CA8-E2F1-4D28-BF16-552AB633D22D}.Ad-Hoc|iPhone.ActiveCfg = iOS Release|Win32
		{628D9CA8-E2F1-4D28-BF16-552AB633D22D}.Ad-Hoc|iPhone.Build.0 = iOS Release|Win32
		{628D9CA8-E2F1-4D28-BF16-552AB633D22D}.Ad-Hoc|iPhone.Deploy.0 = iOS Release|Win32
		{628D9CA8-E2F1-4D28-BF16-552AB633D22D}.Ad-Hoc|iPhoneSimulator.ActiveCfg = iOS Release|Win32
		{628D9CA8-E2F1-4D28-BF16-552AB633D22D}.Ad-Hoc|iPhoneSimulator.Build.0 = iOS Release|Win32
		{628D9CA8-E2F1-4D28-BF16-552AB633D22D}.Ad-Hoc|iPhoneSimulator.Deploy.0 = iOS Release|Win32
		{628D9CA8-E2F1-4D28-BF16-552AB633D22D}.Ad-Hoc|x64.ActiveCfg = iOS Release|x64
		{628D9CA8-E2F1-4D28-BF16-552AB633D22D}.Ad-Hoc|x64.Build.0 = iOS Release|x64
		{628D9CA8-E2F1-4D28-BF16-552AB633D22D}.Ad-Hoc|x64.Deploy.0 = iOS Release|x64
		{628D9CA8-E2F1-4D28-BF16-552AB633D22D}.Ad-Hoc|x86.ActiveCfg = iOS Release|x86
		{628D9CA8-E2F1-4D28-BF16-552AB633D22D}.Ad-Hoc|x86.Build.0 = iOS Release|x86
		{628D9CA8-E2F1-4D28-BF16-552AB633D22D}.Ad-Hoc|x86.Deploy.0 = iOS Release|x86
		{628D9CA8-E2F1-4D28-BF16-552AB633D22D}.AppStore|Any CPU.ActiveCfg = iOS Release|Win32
		{628D9CA8-E2F1-4D28-BF16-552AB633D22D}.AppStore|Any CPU.Build.0 = iOS Release|Win32
		{628D9CA8-E2F1-4D28-BF16-552AB633D22D}.AppStore|Any CPU.Deploy.0 = iOS Release|Win32
		{628D9CA8-E2F1-4D28-BF16-552AB633D22D}.AppStore|ARM.ActiveCfg = iOS Release|ARM
		{628D9CA8-E2F1-4D28-BF16-552AB633D22D}.AppStore|ARM.Build.0 = iOS Release|ARM
		{628D9CA8-E2F1-4D28-BF16-552AB633D22D}.AppStore|ARM.Deploy.0 = iOS Release|ARM
		{628D9CA8-E2F1-4D28-BF16-552AB633D22D}.AppStore|iPhone.ActiveCfg = iOS Release|Win32
		{628D9CA8-E2F1-4D28-BF16-552AB633D22D}.AppStore|iPhone.Build.0 = iOS Release|Win32
		{628D9CA8-E2F1-4D28-BF16-552AB633D22D}.AppStore|iPhone.Deploy.0 = iOS Release|Win32
		{628D9CA8-E2F1-4D28-BF16-552AB633D22D}.AppStore|iPhoneSimulator.ActiveCfg = iOS Release|Win32
		{628D9CA8-E2F1-4D28-BF16-552AB633D22D}.AppStore|iPhoneSimulator.Build.0 = iOS Release|Win32
		{628D9CA8-E2F1-4D28-BF16-552AB633D22D}.AppStore|iPhoneSimulator.Deploy.0 = iOS Release|Win32
		{628D9CA8-E2F1-4D28-BF16-552AB633D22D}.AppStore|x64.ActiveCfg = iOS Release|x64
		{628D9CA8-E2F1-4D28-BF16-552AB633D22D}.AppStore|x64.Build.0 = iOS Release|x64
		{628D9CA8-E2F1-4D28-BF16-552AB633D22D}.AppStore|x64.Deploy.0 = iOS Release|x64
		{628D9CA8-E2F1-4D28-BF16-552AB633D22D}.AppStore|x86.ActiveCfg = iOS Release|x86
		{628D9CA8-E2F1-4D28-BF16-552AB633D22D}.AppStore|x86.Build.0 = iOS Release|x86
		{628D9CA8-E2F1-4D28-BF16-552AB633D22D}.AppStore|x86.Deploy.0 = iOS Release|x86
		{628D9CA8-E2F1-4D28-BF16-552AB633D22D}.Debug|Any CPU.ActiveCfg = Debug|x86
		{628D9CA8-E2F1-4D28-BF16-552AB633D22D}.Debug|ARM.ActiveCfg = Debug|ARM
		{628D9CA8-E2F1-4D28-BF16-552AB633D22D}.Debug|ARM.Build.0 = Debug|ARM
		{628D9CA8-E2F1-4D28-BF16-552AB633D22D}.Debug|ARM.Deploy.0 = Debug|ARM
		{628D9CA8-E2F1-4D28-BF16-552AB633D22D}.Debug|iPhone.ActiveCfg = Debug|x86
		{628D9CA8-E2F1-4D28-BF16-552AB633D22D}.Debug|iPhoneSimulator.ActiveCfg = Debug|x86
		{628D9CA8-E2F1-4D28-BF16-552AB633D22D}.Debug|x64.ActiveCfg = Debug|x64
		{628D9CA8-E2F1-4D28-BF16-552AB633D22D}.Debug|x64.Build.0 = Debug|x64
		{628D9CA8-E2F1-4D28-BF16-552AB633D22D}.Debug|x64.Deploy.0 = Debug|x64
		{628D9CA8-E2F1-4D28-BF16-552AB633D22D}.Debug|x86.ActiveCfg = Debug|x86
		{628D9CA8-E2F1-4D28-BF16-552AB633D22D}.Debug|x86.Build.0 = Debug|x86
		{628D9CA8-E2F1-4D28-BF16-552AB633D22D}.Debug|x86.Deploy.0 = Debug|x86
		{628D9CA8-E2F1-4D28-BF16-552AB633D22D}.iOS Release|Any CPU.ActiveCfg = iOS Release|x86
		{628D9CA8-E2F1-4D28-BF16-552AB633D22D}.iOS Release|ARM.ActiveCfg = iOS Release|ARM
		{628D9CA8-E2F1-4D28-BF16-552AB633D22D}.iOS Release|ARM.Build.0 = iOS Release|ARM
		{628D9CA8-E2F1-4D28-BF16-552AB633D22D}.iOS Release|ARM.Deploy.0 = iOS Release|ARM
		{628D9CA8-E2F1-4D28-BF16-552AB633D22D}.iOS Release|iPhone.ActiveCfg = iOS Release|x86
		{628D9CA8-E2F1-4D28-BF16-552AB633D22D}.iOS Release|iPhoneSimulator.ActiveCfg = iOS Release|x86
		{628D9CA8-E2F1-4D28-BF16-552AB633D22D}.iOS Release|x64.ActiveCfg = iOS Release|x64
		{628D9CA8-E2F1-4D28-BF16-552AB633D22D}.iOS Release|x64.Build.0 = iOS Release|x64
		{628D9CA8-E2F1-4D28-BF16-552AB633D22D}.iOS Release|x64.Deploy.0 = iOS Release|x64
		{628D9CA8-E2F1-4D28-BF16-552AB633D22D}.iOS Release|x86.ActiveCfg = iOS Release|x86
		{628D9CA8-E2F1-4D28-BF16-552AB633D22D}.iOS Release|x86.Build.0 = iOS Release|x86
		{628D9CA8-E2F1-4D28-BF16-552AB633D22D}.iOS Release|x86.Deploy.0 = iOS Release|x86
		{628D9CA8-E2F1-4D28-BF16-552AB633D22D}.Release|Any CPU.ActiveCfg = Release|x86
		{628D9CA8-E2F1-4D28-BF16-552AB633D22D}.Release|ARM.ActiveCfg = Release|ARM
		{628D9CA8-E2F1-4D28-BF16-552AB633D22D}.Release|ARM.Build.0 = Release|ARM
		{628D9CA8-E2F1-4D28-BF16-552AB633D22D}.Release|ARM.Deploy.0 = Release|ARM
		{628D9CA8-E2F1-4D28-BF16-552AB633D22D}.Release|iPhone.ActiveCfg = Release|x86
		{628D9CA8-E2F1-4D28-BF16-552AB633D22D}.Release|iPhoneSimulator.ActiveCfg = Release|x86
		{628D9CA8-E2F1-4D28-BF16-552AB633D22D}.Release|x64.ActiveCfg = Release|x64
		{628D9CA8-E2F1-4D28-BF16-552AB633D22D}.Release|x64.Build.0 = Release|x64
		{628D9CA8-E2F1-4D28-BF16-552AB633D22D}.Release|x64.Deploy.0 = Release|x64
		{628D9CA8-E2F1-4D28-BF16-552AB633D22D}.Release|x86.ActiveCfg = Release|x86
		{628D9CA8-E2F1-4D28-BF16-552AB633D22D}.Release|x86.Build.0 = Release|x86
		{628D9CA8-E2F1-4D28-BF16-552AB633D22D}.Release|x86.Deploy.0 = Release|x86
	EndGlobalSection
	GlobalSection(SolutionProperties) = preSolution
		HideSolutionNode = FALSE
	EndGlobalSection
	GlobalSection(ExtensibilityGlobals) = postSolution
		SolutionGuid = {66D96CDA-C3C2-419E-A4F2-AAC0D493EE7F}
	EndGlobalSection
EndGlobal
